
Microsoft Visual Studio Solution File, Format Version 12.00
# Visual Studio 15
VisualStudioVersion = 15.0.28307.106
MinimumVisualStudioVersion = 10.0.40219.1
Project("{8BC9CEB8-8B4A-11D0-8D11-00A0C91BC942}") = "CPlusPractice", "CPlusPractice\CPlusPractice.vcxproj", "{B6422648-3041-4541-A837-DAB01167972E}"
EndProject
Project("{8BC9CEB8-8B4A-11D0-8D11-00A0C91BC942}") = "PointersAndDynamicMemory", "PointersAndDynamicMemory\PointersAndDynamicMemory.vcxproj", "{A0156D6D-8425-4676-B3E6-096953928AFC}"
EndProject
Project("{8BC9CEB8-8B4A-11D0-8D11-00A0C91BC942}") = "Constructors", "Constructors\Constructors.vcxproj", "{9B6128B9-5491-4413-AE46-440A7FD01D6D}"
EndProject
Global
	GlobalSection(SolutionConfigurationPlatforms) = preSolution
		Debug|x64 = Debug|x64
		Debug|x86 = Debug|x86
		Release|x64 = Release|x64
		Release|x86 = Release|x86
	EndGlobalSection
	GlobalSection(ProjectConfigurationPlatforms) = postSolution
		{B6422648-3041-4541-A837-DAB01167972E}.Debug|x64.ActiveCfg = Debug|x64
		{B6422648-3041-4541-A837-DAB01167972E}.Debug|x64.Build.0 = Debug|x64
		{B6422648-3041-4541-A837-DAB01167972E}.Debug|x86.ActiveCfg = Debug|Win32
		{B6422648-3041-4541-A837-DAB01167972E}.Debug|x86.Build.0 = Debug|Win32
		{B6422648-3041-4541-A837-DAB01167972E}.Release|x64.ActiveCfg = Release|x64
		{B6422648-3041-4541-A837-DAB01167972E}.Release|x64.Build.0 = Release|x64
		{B6422648-3041-4541-A837-DAB01167972E}.Release|x86.ActiveCfg = Release|Win32
		{B6422648-3041-4541-A837-DAB01167972E}.Release|x86.Build.0 = Release|Win32
		{A0156D6D-8425-4676-B3E6-096953928AFC}.Debug|x64.ActiveCfg = Debug|x64
		{A0156D6D-8425-4676-B3E6-096953928AFC}.Debug|x64.Build.0 = Debug|x64
		{A0156D6D-8425-4676-B3E6-096953928AFC}.Debug|x86.ActiveCfg = Debug|Win32
		{A0156D6D-8425-4676-B3E6-096953928AFC}.Debug|x86.Build.0 = Debug|Win32
		{A0156D6D-8425-4676-B3E6-096953928AFC}.Release|x64.ActiveCfg = Release|x64
		{A0156D6D-8425-4676-B3E6-096953928AFC}.Release|x64.Build.0 = Release|x64
		{A0156D6D-8425-4676-B3E6-096953928AFC}.Release|x86.ActiveCfg = Release|Win32
		{A0156D6D-8425-4676-B3E6-096953928AFC}.Release|x86.Build.0 = Release|Win32
		{9B6128B9-5491-4413-AE46-440A7FD01D6D}.Debug|x64.ActiveCfg = Debug|x64
		{9B6128B9-5491-4413-AE46-440A7FD01D6D}.Debug|x64.Build.0 = Debug|x64
		{9B6128B9-5491-4413-AE46-440A7FD01D6D}.Debug|x86.ActiveCfg = Debug|Win32
		{9B6128B9-5491-4413-AE46-440A7FD01D6D}.Debug|x86.Build.0 = Debug|Win32
		{9B6128B9-5491-4413-AE46-440A7FD01D6D}.Release|x64.ActiveCfg = Release|x64
		{9B6128B9-5491-4413-AE46-440A7FD01D6D}.Release|x64.Build.0 = Release|x64
		{9B6128B9-5491-4413-AE46-440A7FD01D6D}.Release|x86.ActiveCfg = Release|Win32
		{9B6128B9-5491-4413-AE46-440A7FD01D6D}.Release|x86.Build.0 = Release|Win32
	EndGlobalSection
	GlobalSection(SolutionProperties) = preSolution
		HideSolutionNode = FALSE
	EndGlobalSection
	GlobalSection(ExtensibilityGlobals) = postSolution
		SolutionGuid = {505D65E2-69F0-4195-9212-57F898A43077}
	EndGlobalSection
EndGlobal
